// !$*UTF8*$!
{
	archiveVersion = 1;
	classes = {
	};
	objectVersion = 50;
	objects = {

/* Begin PBXBuildFile section */
		185AF89F269A462400F82D6E /* AppDelegate.swift in Sources */ = {isa = PBXBuildFile; fileRef = 185AF89E269A462400F82D6E /* AppDelegate.swift */; };
		185AF8A1269A462400F82D6E /* SceneDelegate.swift in Sources */ = {isa = PBXBuildFile; fileRef = 185AF8A0269A462400F82D6E /* SceneDelegate.swift */; };
		185AF8A3269A462400F82D6E /* ViewController.swift in Sources */ = {isa = PBXBuildFile; fileRef = 185AF8A2269A462400F82D6E /* ViewController.swift */; };
		185AF8A6269A462400F82D6E /* Main.storyboard in Resources */ = {isa = PBXBuildFile; fileRef = 185AF8A4269A462400F82D6E /* Main.storyboard */; };
		185AF8A8269A462800F82D6E /* Assets.xcassets in Resources */ = {isa = PBXBuildFile; fileRef = 185AF8A7269A462800F82D6E /* Assets.xcassets */; };
		185AF8AB269A462800F82D6E /* LaunchScreen.storyboard in Resources */ = {isa = PBXBuildFile; fileRef = 185AF8A9269A462800F82D6E /* LaunchScreen.storyboard */; };
/* End PBXBuildFile section */

/* Begin PBXFileReference section */
		185AF89B269A462400F82D6E /* IosAppCambrianCoursesHarpreet.app */ = {isa = PBXFileReference; explicitFileType = wrapper.application; includeInIndex = 0; path = IosAppCambrianCoursesHarpreet.app; sourceTree = BUILT_PRODUCTS_DIR; };
		185AF89E269A462400F82D6E /* AppDelegate.swift */ = {isa = PBXFileReference; lastKnownFileType = sourcecode.swift; path = AppDelegate.swift; sourceTree = "<group>"; };
		185AF8A0269A462400F82D6E /* SceneDelegate.swift */ = {isa = PBXFileReference; lastKnownFileType = sourcecode.swift; path = SceneDelegate.swift; sourceTree = "<group>"; };
		185AF8A2269A462400F82D6E /* ViewController.swift */ = {isa = PBXFileReference; lastKnownFileType = sourcecode.swift; path = ViewController.swift; sourceTree = "<group>"; };
		185AF8A5269A462400F82D6E /* Base */ = {isa = PBXFileReference; lastKnownFileType = file.storyboard; name = Base; path = Base.lproj/Main.storyboard; sourceTree = "<group>"; };
		185AF8A7269A462800F82D6E /* Assets.xcassets */ = {isa = PBXFileReference; lastKnownFileType = folder.assetcatalog; path = Assets.xcassets; sourceTree = "<group>"; };
		185AF8AA269A462800F82D6E /* Base */ = {isa = PBXFileReference; lastKnownFileType = file.storyboard; name = Base; path = Base.lproj/LaunchScreen.storyboard; sourceTree = "<group>"; };
		185AF8AC269A462800F82D6E /* Info.plist */ = {isa = PBXFileReference; lastKnownFileType = text.plist.xml; path = Info.plist; sourceTree = "<group>"; };
/* End PBXFileReference section */

/* Begin PBXFrameworksBuildPhase section */
		185AF898269A462400F82D6E /* Frameworks */ = {
			isa = PBXFrameworksBuildPhase;
			buildActionMask = 2147483647;
			files = (
			);
			runOnlyForDeploymentPostprocessing = 0;
		};
/* End PBXFrameworksBuildPhase section */

/* Begin PBXGroup section */
		185AF892269A462400F82D6E = {
			isa = PBXGroup;
			children = (
				185AF89D269A462400F82D6E /* IosAppCambrianCoursesHarpreet */,
				185AF89C269A462400F82D6E /* Products */,
			);
			sourceTree = "<group>";
		};
		185AF89C269A462400F82D6E /* Products */ = {
			isa = PBXGroup;
			children = (
				185AF89B269A462400F82D6E /* IosAppCambrianCoursesHarpreet.app */,
			);
			name = Products;
			sourceTree = "<group>";
		};
		185AF89D269A462400F82D6E /* IosAppCambrianCoursesHarpreet */ = {
			isa = PBXGroup;
			children = (
				185AF89E269A462400F82D6E /* AppDelegate.swift */,
				185AF8A0269A462400F82D6E /* SceneDelegate.swift */,
				185AF8A2269A462400F82D6E /* ViewController.swift */,
				185AF8A4269A462400F82D6E /* Main.storyboard */,
				185AF8A7269A462800F82D6E /* Assets.xcassets */,
				185AF8A9269A462800F82D6E /* LaunchScreen.storyboard */,
				185AF8AC269A462800F82D6E /* Info.plist */,
			);
			path = IosAppCambrianCoursesHarpreet;
			sourceTree = "<group>";
		};
/* End PBXGroup section */

/* Begin PBXNativeTarget section */
		185AF89A269A462400F82D6E /* IosAppCambrianCoursesHarpreet */ = {
			isa = PBXNativeTarget;
			buildConfigurationList = 185AF8AF269A462800F82D6E /* Build configuration list for PBXNativeTarget "IosAppCambrianCoursesHarpreet" */;
			buildPhases = (
				185AF897269A462400F82D6E /* Sources */,
				185AF898269A462400F82D6E /* Frameworks */,
				185AF899269A462400F82D6E /* Resources */,
			);
			buildRules = (
			);
			dependencies = (
			);
			name = IosAppCambrianCoursesHarpreet;
			productName = IosAppCambrianCoursesHarpreet;
			productReference = 185AF89B269A462400F82D6E /* IosAppCambrianCoursesHarpreet.app */;
			productType = "com.apple.product-type.application";
		};
/* End PBXNativeTarget section */

/* Begin PBXProject section */
		185AF893269A462400F82D6E /* Project object */ = {
			isa = PBXProject;
			attributes = {
				LastSwiftUpdateCheck = 1250;
				LastUpgradeCheck = 1250;
				TargetAttributes = {
					185AF89A269A462400F82D6E = {
						CreatedOnToolsVersion = 12.5;
					};
				};
			};
			buildConfigurationList = 185AF896269A462400F82D6E /* Build configuration list for PBXProject "IosAppCambrianCoursesHarpreet" */;
			compatibilityVersion = "Xcode 9.3";
			developmentRegion = en;
			hasScannedForEncodings = 0;
			knownRegions = (
				en,
				Base,
			);
			mainGroup = 185AF892269A462400F82D6E;
			productRefGroup = 185AF89C269A462400F82D6E /* Products */;
			projectDirPath = "";
			projectRoot = "";
			targets = (
				185AF89A269A462400F82D6E /* IosAppCambrianCoursesHarpreet */,
			);
		};
/* End PBXProject section */

/* Begin PBXResourcesBuildPhase section */
		185AF899269A462400F82D6E /* Resources */ = {
			isa = PBXResourcesBuildPhase;
			buildActionMask = 2147483647;
			files = (
				185AF8AB269A462800F82D6E /* LaunchScreen.storyboard in Resources */,
				185AF8A8269A462800F82D6E /* Assets.xcassets in Resources */,
				185AF8A6269A462400F82D6E /* Main.storyboard in Resources */,
			);
			runOnlyForDeploymentPostprocessing = 0;
		};
/* End PBXResourcesBuildPhase section */

/* Begin PBXSourcesBuildPhase section */
		185AF897269A462400F82D6E /* Sources */ = {
			isa = PBXSourcesBuildPhase;
			buildActionMask = 2147483647;
			files = (
				185AF8A3269A462400F82D6E /* ViewController.swift in Sources */,
				185AF89F269A462400F82D6E /* AppDelegate.swift in Sources */,
				185AF8A1269A462400F82D6E /* SceneDelegate.swift in Sources */,
			);
			runOnlyForDeploymentPostprocessing = 0;
		};
/* End PBXSourcesBuildPhase section */

/* Begin PBXVariantGroup section */
		185AF8A4269A462400F82D6E /* Main.storyboard */ = {
			isa = PBXVariantGroup;
			children = (
				185AF8A5269A462400F82D6E /* Base */,
			);
			name = Main.storyboard;
			sourceTree = "<group>";
		};
		185AF8A9269A462800F82D6E /* LaunchScreen.storyboard */ = {
			isa = PBXVariantGroup;
			children = (
				185AF8AA269A462800F82D6E /* Base */,
			);
			name = LaunchScreen.storyboard;
			sourceTree = "<group>";
		};
/* End PBXVariantGroup section */

/* Begin XCBuildConfiguration section */
		185AF8AD269A462800F82D6E /* Debug */ = {
			isa = XCBuildConfiguration;
			buildSettings = {
				ALWAYS_SEARCH_USER_PATHS = NO;
				CLANG_ANALYZER_NONNULL = YES;
				CLANG_ANALYZER_NUMBER_OBJECT_CONVERSION = YES_AGGRESSIVE;
				CLANG_CXX_LANGUAGE_STANDARD = "gnu++14";
				CLANG_CXX_LIBRARY = "libc++";
				CLANG_ENABLE_MODULES = YES;
				CLANG_ENABLE_OBJC_ARC = YES;
				CLANG_ENABLE_OBJC_WEAK = YES;
				CLANG_WARN_BLOCK_CAPTURE_AUTORELEASING = YES;
				CLANG_WARN_BOOL_CONVERSION = YES;
				CLANG_WARN_COMMA = YES;
				CLANG_WARN_CONSTANT_CONVERSION = YES;
				CLANG_WARN_DEPRECATED_OBJC_IMPLEMENTATIONS = YES;
				CLANG_WARN_DIRECT_OBJC_ISA_USAGE = YES_ERROR;
				CLANG_WARN_DOCUMENTATION_COMMENTS = YES;
				CLANG_WARN_EMPTY_BODY = YES;
				CLANG_WARN_ENUM_CONVERSION = YES;
				CLANG_WARN_INFINITE_RECURSION = YES;
				CLANG_WARN_INT_CONVERSION = YES;
				CLANG_WARN_NON_LITERAL_NULL_CONVERSION = YES;
				CLANG_WARN_OBJC_IMPLICIT_RETAIN_SELF = YES;
				CLANG_WARN_OBJC_LITERAL_CONVERSION = YES;
				CLANG_WARN_OBJC_ROOT_CLASS = YES_ERROR;
				CLANG_WARN_QUOTED_INCLUDE_IN_FRAMEWORK_HEADER = YES;
				CLANG_WARN_RANGE_LOOP_ANALYSIS = YES;
				CLANG_WARN_STRICT_PROTOTYPES = YES;
				CLANG_WARN_SUSPICIOUS_MOVE = YES;
				CLANG_WARN_UNGUARDED_AVAILABILITY = YES_AGGRESSIVE;
				CLANG_WARN_UNREACHABLE_CODE = YES;
				CLANG_WARN__DUPLICATE_METHOD_MATCH = YES;
				COPY_PHASE_STRIP = NO;
				DEBUG_INFORMATION_FORMAT = dwarf;
				ENABLE_STRICT_OBJC_MSGSEND = YES;
				ENABLE_TESTABILITY = YES;
				GCC_C_LANGUAGE_STANDARD = gnu11;
				GCC_DYNAMIC_NO_PIC = NO;
				GCC_NO_COMMON_BLOCKS = YES;
				GCC_OPTIMIZATION_LEVEL = 0;
				GCC_PREPROCESSOR_DEFINITIONS = (
					"DEBUG=1",
					"$(inherited)",
				);
				GCC_WARN_64_TO_32_BIT_CONVERSION = YES;
				GCC_WARN_ABOUT_RETURN_TYPE = YES_ERROR;
				GCC_WARN_UNDECLARED_SELECTOR = YES;
				GCC_WARN_UNINITIALIZED_AUTOS = YES_AGGRESSIVE;
				GCC_WARN_UNUSED_FUNCTION = YES;
				GCC_WARN_UNUSED_VARIABLE = YES;
				IPHONEOS_DEPLOYMENT_TARGET = 14.5;
				MTL_ENABLE_DEBUG_INFO = INCLUDE_SOURCE;
				MTL_FAST_MATH = YES;
				ONLY_ACTIVE_ARCH = YES;
				SDKROOT = iphoneos;
				SWIFT_ACTIVE_COMPILATION_CONDITIONS = DEBUG;
				SWIFT_OPTIMIZATION_LEVEL = "-Onone";
			};
			name = Debug;
		};
		185AF8AE269A462800F82D6E /* Release */ = {
			isa = XCBuildConfiguration;
			buildSettings = {
				ALWAYS_SEARCH_USER_PATHS = NO;
				CLANG_ANALYZER_NONNULL = YES;
				CLANG_ANALYZER_NUMBER_OBJECT_CONVERSION = YES_AGGRESSIVE;
				CLANG_CXX_LANGUAGE_STANDARD = "gnu++14";
				CLANG_CXX_LIBRARY = "libc++";
				CLANG_ENABLE_MODULES = YES;
				CLANG_ENABLE_OBJC_ARC = YES;
				CLANG_ENABLE_OBJC_WEAK = YES;
				CLANG_WARN_BLOCK_CAPTURE_AUTORELEASING = YES;
				CLANG_WARN_BOOL_CONVERSION = YES;
				CLANG_WARN_COMMA = YES;
				CLANG_WARN_CONSTANT_CONVERSION = YES;
				CLANG_WARN_DEPRECATED_OBJC_IMPLEMENTATIONS = YES;
				CLANG_WARN_DIRECT_OBJC_ISA_USAGE = YES_ERROR;
				CLANG_WARN_DOCUMENTATION_COMMENTS = YES;
				CLANG_WARN_EMPTY_BODY = YES;
				CLANG_WARN_ENUM_CONVERSION = YES;
				CLANG_WARN_INFINITE_RECURSION = YES;
				CLANG_WARN_INT_CONVERSION = YES;
				CLANG_WARN_NON_LITERAL_NULL_CONVERSION = YES;
				CLANG_WARN_OBJC_IMPLICIT_RETAIN_SELF = YES;
				CLANG_WARN_OBJC_LITERAL_CONVERSION = YES;
				CLANG_WARN_OBJC_ROOT_CLASS = YES_ERROR;
				CLANG_WARN_QUOTED_INCLUDE_IN_FRAMEWORK_HEADER = YES;
				CLANG_WARN_RANGE_LOOP_ANALYSIS = YES;
				CLANG_WARN_STRICT_PROTOTYPES = YES;
				CLANG_WARN_SUSPICIOUS_MOVE = YES;
				CLANG_WARN_UNGUARDED_AVAILABILITY = YES_AGGRESSIVE;
				CLANG_WARN_UNREACHABLE_CODE = YES;
				CLANG_WARN__DUPLICATE_METHOD_MATCH = YES;
				COPY_PHASE_STRIP = NO;
				DEBUG_INFORMATION_FORMAT = "dwarf-with-dsym";
				ENABLE_NS_ASSERTIONS = NO;
				ENABLE_STRICT_OBJC_MSGSEND = YES;
				GCC_C_LANGUAGE_STANDARD = gnu11;
				GCC_NO_COMMON_BLOCKS = YES;
				GCC_WARN_64_TO_32_BIT_CONVERSION = YES;
				GCC_WARN_ABOUT_RETURN_TYPE = YES_ERROR;
				GCC_WARN_UNDECLARED_SELECTOR = YES;
				GCC_WARN_UNINITIALIZED_AUTOS = YES_AGGRESSIVE;
				GCC_WARN_UNUSED_FUNCTION = YES;
				GCC_WARN_UNUSED_VARIABLE = YES;
				IPHONEOS_DEPLOYMENT_TARGET = 14.5;
				MTL_ENABLE_DEBUG_INFO = NO;
				MTL_FAST_MATH = YES;
				SDKROOT = iphoneos;
				SWIFT_COMPILATION_MODE = wholemodule;
				SWIFT_OPTIMIZATION_LEVEL = "-O";
				VALIDATE_PRODUCT = YES;
			};
			name = Release;
		};
		185AF8B0269A462800F82D6E /* Debug */ = {
			isa = XCBuildConfiguration;
			buildSettings = {
				ASSETCATALOG_COMPILER_APPICON_NAME = AppIcon;
				ASSETCATALOG_COMPILER_GLOBAL_ACCENT_COLOR_NAME = AccentColor;
				CODE_SIGN_STYLE = Automatic;
				INFOPLIST_FILE = IosAppCambrianCoursesHarpreet/Info.plist;
				LD_RUNPATH_SEARCH_PATHS = (
					"$(inherited)",
					"@executable_path/Frameworks",
				);
				PRODUCT_BUNDLE_IDENTIFIER = "A00230757-harpreet-singh.IosAppCambrianCoursesHarpreet";
				PRODUCT_NAME = "$(TARGET_NAME)";
				SWIFT_VERSION = 5.0;
				TARGETED_DEVICE_FAMILY = "1,2";
			};
			name = Debug;
		};
		185AF8B1269A462800F82D6E /* Release */ = {
			isa = XCBuildConfiguration;
			buildSettings = {
				ASSETCATALOG_COMPILER_APPICON_NAME = AppIcon;
				ASSETCATALOG_COMPILER_GLOBAL_ACCENT_COLOR_NAME = AccentColor;
				CODE_SIGN_STYLE = Automatic;
				INFOPLIST_FILE = IosAppCambrianCoursesHarpreet/Info.plist;
				LD_RUNPATH_SEARCH_PATHS = (
					"$(inherited)",
					"@executable_path/Frameworks",
				);
				PRODUCT_BUNDLE_IDENTIFIER = "A00230757-harpreet-singh.IosAppCambrianCoursesHarpreet";
				PRODUCT_NAME = "$(TARGET_NAME)";
				SWIFT_VERSION = 5.0;
				TARGETED_DEVICE_FAMILY = "1,2";
			};
			name = Release;
		};
/* End XCBuildConfiguration section */

/* Begin XCConfigurationList section */
		185AF896269A462400F82D6E /* Build configuration list for PBXProject "IosAppCambrianCoursesHarpreet" */ = {
			isa = XCConfigurationList;
			buildConfigurations = (
				185AF8AD269A462800F82D6E /* Debug */,
				185AF8AE269A462800F82D6E /* Release */,
			);
			defaultConfigurationIsVisible = 0;
			defaultConfigurationName = Release;
		};
		185AF8AF269A462800F82D6E /* Build configuration list for PBXNativeTarget "IosAppCambrianCoursesHarpreet" */ = {
			isa = XCConfigurationList;
			buildConfigurations = (
				185AF8B0269A462800F82D6E /* Debug */,
				185AF8B1269A462800F82D6E /* Release */,
			);
			defaultConfigurationIsVisible = 0;
			defaultConfigurationName = Release;
		};
/* End XCConfigurationList section */
	};
	rootObject = 185AF893269A462400F82D6E /* Project object */;
}
